// !$*UTF8*$!
{
	archiveVersion = 1;
	classes = {
	};
	objectVersion = 56;
	objects = {

/* Begin PBXBuildFile section */
		4959AC1E290ECEBE006E7E70 /* Tape.cpp in Sources */ = {isa = PBXBuildFile; fileRef = 4959AC1D290ECEBE006E7E70 /* Tape.cpp */; };
		4959AC22290ED525006E7E70 /* Turing.cpp in Sources */ = {isa = PBXBuildFile; fileRef = 4959AC20290ED525006E7E70 /* Turing.cpp */; };
		49C6DB26290E92DF0039D168 /* main.cpp in Sources */ = {isa = PBXBuildFile; fileRef = 49C6DB25290E92DF0039D168 /* main.cpp */; };
		49EAA824290F730E0067637D /* TuringModel.cpp in Sources */ = {isa = PBXBuildFile; fileRef = 49EAA822290F730E0067637D /* TuringModel.cpp */; };
		49EAA827290F73B10067637D /* TuringView.cpp in Sources */ = {isa = PBXBuildFile; fileRef = 49EAA825290F73B10067637D /* TuringView.cpp */; };
		49EAA82A290F75FB0067637D /* Command.cpp in Sources */ = {isa = PBXBuildFile; fileRef = 49EAA828290F75FB0067637D /* Command.cpp */; };
/* End PBXBuildFile section */

/* Begin PBXCopyFilesBuildPhase section */
		49C6DB20290E92DF0039D168 /* CopyFiles */ = {
			isa = PBXCopyFilesBuildPhase;
			buildActionMask = 2147483647;
			dstPath = /usr/share/man/man1/;
			dstSubfolderSpec = 0;
			files = (
			);
			runOnlyForDeploymentPostprocessing = 1;
		};
/* End PBXCopyFilesBuildPhase section */

/* Begin PBXFileReference section */
		4959AC1B290EBEF9006E7E70 /* main.h */ = {isa = PBXFileReference; fileEncoding = 4; lastKnownFileType = sourcecode.c.h; path = main.h; sourceTree = "<group>"; };
		4959AC1C290ECDB3006E7E70 /* Tape.h */ = {isa = PBXFileReference; lastKnownFileType = sourcecode.c.h; path = Tape.h; sourceTree = "<group>"; };
		4959AC1D290ECEBE006E7E70 /* Tape.cpp */ = {isa = PBXFileReference; lastKnownFileType = sourcecode.cpp.cpp; path = Tape.cpp; sourceTree = "<group>"; };
		4959AC1F290ED127006E7E70 /* Share.h */ = {isa = PBXFileReference; lastKnownFileType = sourcecode.c.h; path = Share.h; sourceTree = "<group>"; };
		4959AC20290ED525006E7E70 /* Turing.cpp */ = {isa = PBXFileReference; lastKnownFileType = sourcecode.cpp.cpp; path = Turing.cpp; sourceTree = "<group>"; };
		4959AC21290ED525006E7E70 /* Turing.hpp */ = {isa = PBXFileReference; lastKnownFileType = sourcecode.cpp.h; path = Turing.hpp; sourceTree = "<group>"; };
		49C6DB22290E92DF0039D168 /* TuringMachine */ = {isa = PBXFileReference; explicitFileType = "compiled.mach-o.executable"; includeInIndex = 0; path = TuringMachine; sourceTree = BUILT_PRODUCTS_DIR; };
		49C6DB25290E92DF0039D168 /* main.cpp */ = {isa = PBXFileReference; lastKnownFileType = sourcecode.cpp.cpp; path = main.cpp; sourceTree = "<group>"; };
		49EAA822290F730E0067637D /* TuringModel.cpp */ = {isa = PBXFileReference; lastKnownFileType = sourcecode.cpp.cpp; path = TuringModel.cpp; sourceTree = "<group>"; };
		49EAA823290F730E0067637D /* TuringModel.hpp */ = {isa = PBXFileReference; lastKnownFileType = sourcecode.cpp.h; path = TuringModel.hpp; sourceTree = "<group>"; };
		49EAA825290F73B10067637D /* TuringView.cpp */ = {isa = PBXFileReference; lastKnownFileType = sourcecode.cpp.cpp; path = TuringView.cpp; sourceTree = "<group>"; };
		49EAA826290F73B10067637D /* TuringView.hpp */ = {isa = PBXFileReference; lastKnownFileType = sourcecode.cpp.h; path = TuringView.hpp; sourceTree = "<group>"; };
		49EAA828290F75FB0067637D /* Command.cpp */ = {isa = PBXFileReference; lastKnownFileType = sourcecode.cpp.cpp; path = Command.cpp; sourceTree = "<group>"; };
		49EAA829290F75FB0067637D /* Command.hpp */ = {isa = PBXFileReference; lastKnownFileType = sourcecode.cpp.h; path = Command.hpp; sourceTree = "<group>"; };
/* End PBXFileReference section */

/* Begin PBXFrameworksBuildPhase section */
		49C6DB1F290E92DF0039D168 /* Frameworks */ = {
			isa = PBXFrameworksBuildPhase;
			buildActionMask = 2147483647;
			files = (
			);
			runOnlyForDeploymentPostprocessing = 0;
		};
/* End PBXFrameworksBuildPhase section */

/* Begin PBXGroup section */
		49C6DB19290E92DF0039D168 = {
			isa = PBXGroup;
			children = (
				49C6DB24290E92DF0039D168 /* TuringMachine */,
				49C6DB23290E92DF0039D168 /* Products */,
			);
			sourceTree = "<group>";
		};
		49C6DB23290E92DF0039D168 /* Products */ = {
			isa = PBXGroup;
			children = (
				49C6DB22290E92DF0039D168 /* TuringMachine */,
			);
			name = Products;
			sourceTree = "<group>";
		};
		49C6DB24290E92DF0039D168 /* TuringMachine */ = {
			isa = PBXGroup;
			children = (
				4959AC1B290EBEF9006E7E70 /* main.h */,
				49C6DB25290E92DF0039D168 /* main.cpp */,
				4959AC1C290ECDB3006E7E70 /* Tape.h */,
				4959AC1D290ECEBE006E7E70 /* Tape.cpp */,
				4959AC1F290ED127006E7E70 /* Share.h */,
				4959AC20290ED525006E7E70 /* Turing.cpp */,
				4959AC21290ED525006E7E70 /* Turing.hpp */,
				49EAA822290F730E0067637D /* TuringModel.cpp */,
				49EAA823290F730E0067637D /* TuringModel.hpp */,
				49EAA825290F73B10067637D /* TuringView.cpp */,
				49EAA826290F73B10067637D /* TuringView.hpp */,
				49EAA828290F75FB0067637D /* Command.cpp */,
				49EAA829290F75FB0067637D /* Command.hpp */,
			);
			path = TuringMachine;
			sourceTree = "<group>";
		};
/* End PBXGroup section */

/* Begin PBXNativeTarget section */
		49C6DB21290E92DF0039D168 /* TuringMachine */ = {
			isa = PBXNativeTarget;
			buildConfigurationList = 49C6DB29290E92DF0039D168 /* Build configuration list for PBXNativeTarget "TuringMachine" */;
			buildPhases = (
				49C6DB1E290E92DF0039D168 /* Sources */,
				49C6DB1F290E92DF0039D168 /* Frameworks */,
				49C6DB20290E92DF0039D168 /* CopyFiles */,
			);
			buildRules = (
			);
			dependencies = (
			);
			name = TuringMachine;
			productName = TuringMachine;
			productReference = 49C6DB22290E92DF0039D168 /* TuringMachine */;
			productType = "com.apple.product-type.tool";
		};
/* End PBXNativeTarget section */

/* Begin PBXProject section */
		49C6DB1A290E92DF0039D168 /* Project object */ = {
			isa = PBXProject;
			attributes = {
				BuildIndependentTargetsInParallel = 1;
				LastUpgradeCheck = 1410;
				TargetAttributes = {
					49C6DB21290E92DF0039D168 = {
						CreatedOnToolsVersion = 14.1;
					};
				};
			};
			buildConfigurationList = 49C6DB1D290E92DF0039D168 /* Build configuration list for PBXProject "TuringMachine" */;
			compatibilityVersion = "Xcode 14.0";
			developmentRegion = en;
			hasScannedForEncodings = 0;
			knownRegions = (
				en,
				Base,
			);
			mainGroup = 49C6DB19290E92DF0039D168;
			productRefGroup = 49C6DB23290E92DF0039D168 /* Products */;
			projectDirPath = "";
			projectRoot = "";
			targets = (
				49C6DB21290E92DF0039D168 /* TuringMachine */,
			);
		};
/* End PBXProject section */

/* Begin PBXSourcesBuildPhase section */
		49C6DB1E290E92DF0039D168 /* Sources */ = {
			isa = PBXSourcesBuildPhase;
			buildActionMask = 2147483647;
			files = (
				49EAA827290F73B10067637D /* TuringView.cpp in Sources */,
				49EAA82A290F75FB0067637D /* Command.cpp in Sources */,
				4959AC22290ED525006E7E70 /* Turing.cpp in Sources */,
				49C6DB26290E92DF0039D168 /* main.cpp in Sources */,
				49EAA824290F730E0067637D /* TuringModel.cpp in Sources */,
				4959AC1E290ECEBE006E7E70 /* Tape.cpp in Sources */,
			);
			runOnlyForDeploymentPostprocessing = 0;
		};
/* End PBXSourcesBuildPhase section */

/* Begin XCBuildConfiguration section */
		49C6DB27290E92DF0039D168 /* Debug */ = {
			isa = XCBuildConfiguration;
			buildSettings = {
				ALWAYS_SEARCH_USER_PATHS = NO;
				CLANG_ANALYZER_NONNULL = YES;
				CLANG_ANALYZER_NUMBER_OBJECT_CONVERSION = YES_AGGRESSIVE;
				CLANG_CXX_LANGUAGE_STANDARD = "gnu++20";
				CLANG_ENABLE_MODULES = YES;
				CLANG_ENABLE_OBJC_ARC = YES;
				CLANG_ENABLE_OBJC_WEAK = YES;
				CLANG_WARN_BLOCK_CAPTURE_AUTORELEASING = YES;
				CLANG_WARN_BOOL_CONVERSION = YES;
				CLANG_WARN_COMMA = YES;
				CLANG_WARN_CONSTANT_CONVERSION = YES;
				CLANG_WARN_DEPRECATED_OBJC_IMPLEMENTATIONS = YES;
				CLANG_WARN_DIRECT_OBJC_ISA_USAGE = YES_ERROR;
				CLANG_WARN_DOCUMENTATION_COMMENTS = YES;
				CLANG_WARN_EMPTY_BODY = YES;
				CLANG_WARN_ENUM_CONVERSION = YES;
				CLANG_WARN_INFINITE_RECURSION = YES;
				CLANG_WARN_INT_CONVERSION = YES;
				CLANG_WARN_NON_LITERAL_NULL_CONVERSION = YES;
				CLANG_WARN_OBJC_IMPLICIT_RETAIN_SELF = YES;
				CLANG_WARN_OBJC_LITERAL_CONVERSION = YES;
				CLANG_WARN_OBJC_ROOT_CLASS = YES_ERROR;
				CLANG_WARN_QUOTED_INCLUDE_IN_FRAMEWORK_HEADER = YES;
				CLANG_WARN_RANGE_LOOP_ANALYSIS = YES;
				CLANG_WARN_STRICT_PROTOTYPES = YES;
				CLANG_WARN_SUSPICIOUS_MOVE = YES;
				CLANG_WARN_UNGUARDED_AVAILABILITY = YES_AGGRESSIVE;
				CLANG_WARN_UNREACHABLE_CODE = YES;
				CLANG_WARN__DUPLICATE_METHOD_MATCH = YES;
				COPY_PHASE_STRIP = NO;
				DEBUG_INFORMATION_FORMAT = dwarf;
				ENABLE_STRICT_OBJC_MSGSEND = YES;
				ENABLE_TESTABILITY = YES;
				GCC_C_LANGUAGE_STANDARD = gnu11;
				GCC_DYNAMIC_NO_PIC = NO;
				GCC_NO_COMMON_BLOCKS = YES;
				GCC_OPTIMIZATION_LEVEL = 0;
				GCC_PREPROCESSOR_DEFINITIONS = (
					"DEBUG=1",
					"$(inherited)",
				);
				GCC_WARN_64_TO_32_BIT_CONVERSION = YES;
				GCC_WARN_ABOUT_RETURN_TYPE = YES_ERROR;
				GCC_WARN_UNDECLARED_SELECTOR = YES;
				GCC_WARN_UNINITIALIZED_AUTOS = YES_AGGRESSIVE;
				GCC_WARN_UNUSED_FUNCTION = YES;
				GCC_WARN_UNUSED_VARIABLE = YES;
				MACOSX_DEPLOYMENT_TARGET = 13.0;
				MTL_ENABLE_DEBUG_INFO = INCLUDE_SOURCE;
				MTL_FAST_MATH = YES;
				ONLY_ACTIVE_ARCH = YES;
				SDKROOT = macosx;
			};
			name = Debug;
		};
		49C6DB28290E92DF0039D168 /* Release */ = {
			isa = XCBuildConfiguration;
			buildSettings = {
				ALWAYS_SEARCH_USER_PATHS = NO;
				CLANG_ANALYZER_NONNULL = YES;
				CLANG_ANALYZER_NUMBER_OBJECT_CONVERSION = YES_AGGRESSIVE;
				CLANG_CXX_LANGUAGE_STANDARD = "gnu++20";
				CLANG_ENABLE_MODULES = YES;
				CLANG_ENABLE_OBJC_ARC = YES;
				CLANG_ENABLE_OBJC_WEAK = YES;
				CLANG_WARN_BLOCK_CAPTURE_AUTORELEASING = YES;
				CLANG_WARN_BOOL_CONVERSION = YES;
				CLANG_WARN_COMMA = YES;
				CLANG_WARN_CONSTANT_CONVERSION = YES;
				CLANG_WARN_DEPRECATED_OBJC_IMPLEMENTATIONS = YES;
				CLANG_WARN_DIRECT_OBJC_ISA_USAGE = YES_ERROR;
				CLANG_WARN_DOCUMENTATION_COMMENTS = YES;
				CLANG_WARN_EMPTY_BODY = YES;
				CLANG_WARN_ENUM_CONVERSION = YES;
				CLANG_WARN_INFINITE_RECURSION = YES;
				CLANG_WARN_INT_CONVERSION = YES;
				CLANG_WARN_NON_LITERAL_NULL_CONVERSION = YES;
				CLANG_WARN_OBJC_IMPLICIT_RETAIN_SELF = YES;
				CLANG_WARN_OBJC_LITERAL_CONVERSION = YES;
				CLANG_WARN_OBJC_ROOT_CLASS = YES_ERROR;
				CLANG_WARN_QUOTED_INCLUDE_IN_FRAMEWORK_HEADER = YES;
				CLANG_WARN_RANGE_LOOP_ANALYSIS = YES;
				CLANG_WARN_STRICT_PROTOTYPES = YES;
				CLANG_WARN_SUSPICIOUS_MOVE = YES;
				CLANG_WARN_UNGUARDED_AVAILABILITY = YES_AGGRESSIVE;
				CLANG_WARN_UNREACHABLE_CODE = YES;
				CLANG_WARN__DUPLICATE_METHOD_MATCH = YES;
				COPY_PHASE_STRIP = NO;
				DEBUG_INFORMATION_FORMAT = "dwarf-with-dsym";
				ENABLE_NS_ASSERTIONS = NO;
				ENABLE_STRICT_OBJC_MSGSEND = YES;
				GCC_C_LANGUAGE_STANDARD = gnu11;
				GCC_NO_COMMON_BLOCKS = YES;
				GCC_WARN_64_TO_32_BIT_CONVERSION = YES;
				GCC_WARN_ABOUT_RETURN_TYPE = YES_ERROR;
				GCC_WARN_UNDECLARED_SELECTOR = YES;
				GCC_WARN_UNINITIALIZED_AUTOS = YES_AGGRESSIVE;
				GCC_WARN_UNUSED_FUNCTION = YES;
				GCC_WARN_UNUSED_VARIABLE = YES;
				MACOSX_DEPLOYMENT_TARGET = 13.0;
				MTL_ENABLE_DEBUG_INFO = NO;
				MTL_FAST_MATH = YES;
				SDKROOT = macosx;
			};
			name = Release;
		};
		49C6DB2A290E92DF0039D168 /* Debug */ = {
			isa = XCBuildConfiguration;
			buildSettings = {
				CODE_SIGN_STYLE = Automatic;
				DEVELOPMENT_TEAM = JA387Z4D7Q;
				ENABLE_HARDENED_RUNTIME = YES;
				PRODUCT_NAME = "$(TARGET_NAME)";
			};
			name = Debug;
		};
		49C6DB2B290E92DF0039D168 /* Release */ = {
			isa = XCBuildConfiguration;
			buildSettings = {
				CODE_SIGN_STYLE = Automatic;
				DEVELOPMENT_TEAM = JA387Z4D7Q;
				ENABLE_HARDENED_RUNTIME = YES;
				PRODUCT_NAME = "$(TARGET_NAME)";
			};
			name = Release;
		};
/* End XCBuildConfiguration section */

/* Begin XCConfigurationList section */
		49C6DB1D290E92DF0039D168 /* Build configuration list for PBXProject "TuringMachine" */ = {
			isa = XCConfigurationList;
			buildConfigurations = (
				49C6DB27290E92DF0039D168 /* Debug */,
				49C6DB28290E92DF0039D168 /* Release */,
			);
			defaultConfigurationIsVisible = 0;
			defaultConfigurationName = Release;
		};
		49C6DB29290E92DF0039D168 /* Build configuration list for PBXNativeTarget "TuringMachine" */ = {
			isa = XCConfigurationList;
			buildConfigurations = (
				49C6DB2A290E92DF0039D168 /* Debug */,
				49C6DB2B290E92DF0039D168 /* Release */,
			);
			defaultConfigurationIsVisible = 0;
			defaultConfigurationName = Release;
		};
/* End XCConfigurationList section */
	};
	rootObject = 49C6DB1A290E92DF0039D168 /* Project object */;
}
